
Microsoft Visual Studio Solution File, Format Version 12.00
# Visual Studio Version 16
VisualStudioVersion = 16.0.29519.87
MinimumVisualStudioVersion = 10.0.40219.1
Project("{9A19103F-16F7-4668-BE54-9A1E7A4F7556}") = "OrderProcessing", "OrderProcessing\OrderProcessing.csproj", "{F42C83FA-1FB9-4443-BCDC-9484F75D1C1F}"
EndProject
Project("{FAE04EC0-301F-11D3-BF4B-00C04F79EFBC}") = "BusinessRules", "BusinessRules\BusinessRules.csproj", "{97392186-1566-4BB8-861F-382398223109}"
EndProject
Project("{FAE04EC0-301F-11D3-BF4B-00C04F79EFBC}") = "OrderProcessing.Tests", "OrderProcessing.Tests\OrderProcessing.Tests.csproj", "{CC8BD433-7001-4530-BE7D-5E0F6019886F}"
EndProject
Global
	GlobalSection(SolutionConfigurationPlatforms) = preSolution
		Debug|Any CPU = Debug|Any CPU
		Release|Any CPU = Release|Any CPU
	EndGlobalSection
	GlobalSection(ProjectConfigurationPlatforms) = postSolution
		{F42C83FA-1FB9-4443-BCDC-9484F75D1C1F}.Debug|Any CPU.ActiveCfg = Debug|Any CPU
		{F42C83FA-1FB9-4443-BCDC-9484F75D1C1F}.Debug|Any CPU.Build.0 = Debug|Any CPU
		{F42C83FA-1FB9-4443-BCDC-9484F75D1C1F}.Release|Any CPU.ActiveCfg = Release|Any CPU
		{F42C83FA-1FB9-4443-BCDC-9484F75D1C1F}.Release|Any CPU.Build.0 = Release|Any CPU
		{97392186-1566-4BB8-861F-382398223109}.Debug|Any CPU.ActiveCfg = Debug|Any CPU
		{97392186-1566-4BB8-861F-382398223109}.Debug|Any CPU.Build.0 = Debug|Any CPU
		{97392186-1566-4BB8-861F-382398223109}.Release|Any CPU.ActiveCfg = Release|Any CPU
		{97392186-1566-4BB8-861F-382398223109}.Release|Any CPU.Build.0 = Release|Any CPU
		{CC8BD433-7001-4530-BE7D-5E0F6019886F}.Debug|Any CPU.ActiveCfg = Debug|Any CPU
		{CC8BD433-7001-4530-BE7D-5E0F6019886F}.Debug|Any CPU.Build.0 = Debug|Any CPU
		{CC8BD433-7001-4530-BE7D-5E0F6019886F}.Release|Any CPU.ActiveCfg = Release|Any CPU
		{CC8BD433-7001-4530-BE7D-5E0F6019886F}.Release|Any CPU.Build.0 = Release|Any CPU
	EndGlobalSection
	GlobalSection(SolutionProperties) = preSolution
		HideSolutionNode = FALSE
	EndGlobalSection
	GlobalSection(ExtensibilityGlobals) = postSolution
		SolutionGuid = {C3AF7BC2-6FC3-48CB-8125-6050B7A73239}
	EndGlobalSection
EndGlobal
